
Microsoft Visual Studio Solution File, Format Version 12.00
# Visual Studio Version 17
VisualStudioVersion = 17.4.33205.214
MinimumVisualStudioVersion = 10.0.40219.1
Project("{9A19103F-16F7-4668-BE54-9A1E7A4F7556}") = "AopLibraryTest", "AopLibraryTest\AopLibraryTest.csproj", "{7E29FB9A-FE6F-46BA-9F6F-3C726EE20734}"
EndProject
Project("{9A19103F-16F7-4668-BE54-9A1E7A4F7556}") = "AopLibrary", "AopLibrary\AopLibrary.csproj", "{63B567A5-B36F-43A8-B65F-31D8CF60678C}"
EndProject
Project("{9A19103F-16F7-4668-BE54-9A1E7A4F7556}") = "StartupDiagnostics", "StartupDiagnostics\StartupDiagnostics.csproj", "{4089CAF2-D409-41A8-80E9-A86FC4FB9F16}"
EndProject
Project("{9A19103F-16F7-4668-BE54-9A1E7A4F7556}") = "Contract", "Contract\Contract.csproj", "{DFD092FB-DDA8-4A08-9867-20A34E01B722}"
EndProject
Project("{2150E333-8FDC-42A3-9474-1A3956D46DE8}") = "Repository", "Repository", "{0F3F785D-AD5E-4879-8F38-FFFB9C2ECD2A}"
EndProject
Project("{9A19103F-16F7-4668-BE54-9A1E7A4F7556}") = "AutofacRegister", "AutofacRegister\AutofacRegister.csproj", "{BB356509-4787-445C-B7B0-3E08A0DB9120}"
EndProject
Project("{2150E333-8FDC-42A3-9474-1A3956D46DE8}") = "ModuleDevelop", "ModuleDevelop", "{08BBC5A8-E21D-4EC8-9CB4-625E7D3B8D2F}"
EndProject
Project("{2150E333-8FDC-42A3-9474-1A3956D46DE8}") = "CustomController", "CustomController", "{735A2B9D-3D21-4BE5-97C7-03F9D7590A20}"
EndProject
Project("{9A19103F-16F7-4668-BE54-9A1E7A4F7556}") = "webapi", "ModuleDevelop\webapi\webapi.csproj", "{EE604CC3-1DC7-4DE4-BF34-DD489C2C9E8E}"
EndProject
Project("{9A19103F-16F7-4668-BE54-9A1E7A4F7556}") = "First.Impl", "CustomController\Impl\First.Impl.csproj", "{E295FB26-EB9A-4245-9CBE-47594F822A21}"
EndProject
Project("{9A19103F-16F7-4668-BE54-9A1E7A4F7556}") = "Second.Impl", "CustomController\ImplTwo\Second.Impl.csproj", "{1930093B-4E9A-441B-B743-5D2D8DB7A0F8}"
EndProject
Project("{9A19103F-16F7-4668-BE54-9A1E7A4F7556}") = "IOrder.Repository", "Repository\IOrder.Repository\IOrder.Repository.csproj", "{D7B92048-2163-4C10-AABC-F02B9BEE3913}"
EndProject
Project("{9A19103F-16F7-4668-BE54-9A1E7A4F7556}") = "Order.Repository", "Repository\Order.Repository\Order.Repository.csproj", "{AF83F002-EAA8-4F63-913D-800A29CFB2FC}"
EndProject
Project("{9A19103F-16F7-4668-BE54-9A1E7A4F7556}") = "IOrderService", "ModuleDevelop\IOrderService\IOrderService.csproj", "{7F83BD9D-ED7A-4FAA-B4F6-49285CEEDA15}"
EndProject
Project("{9A19103F-16F7-4668-BE54-9A1E7A4F7556}") = "ModuleLib", "ModuleDevelop\ModuleLib\ModuleLib.csproj", "{4FAB1AB3-8F60-4B4F-9F8A-2D4C35A573FB}"
EndProject
Project("{9A19103F-16F7-4668-BE54-9A1E7A4F7556}") = "OrderService", "ModuleDevelop\OrderService\OrderService.csproj", "{BC4442F2-05AD-4739-B1E3-1DE2C45D2DF2}"
EndProject
Project("{9A19103F-16F7-4668-BE54-9A1E7A4F7556}") = "StartupService", "ModuleDevelop\Service\StartupService.csproj", "{69093DB4-E9DF-41B9-92E7-EEA2C6CFFBCA}"
EndProject
Global
	GlobalSection(SolutionConfigurationPlatforms) = preSolution
		Debug|Any CPU = Debug|Any CPU
		Release|Any CPU = Release|Any CPU
	EndGlobalSection
	GlobalSection(ProjectConfigurationPlatforms) = postSolution
		{7E29FB9A-FE6F-46BA-9F6F-3C726EE20734}.Debug|Any CPU.ActiveCfg = Debug|Any CPU
		{7E29FB9A-FE6F-46BA-9F6F-3C726EE20734}.Debug|Any CPU.Build.0 = Debug|Any CPU
		{7E29FB9A-FE6F-46BA-9F6F-3C726EE20734}.Release|Any CPU.ActiveCfg = Release|Any CPU
		{7E29FB9A-FE6F-46BA-9F6F-3C726EE20734}.Release|Any CPU.Build.0 = Release|Any CPU
		{63B567A5-B36F-43A8-B65F-31D8CF60678C}.Debug|Any CPU.ActiveCfg = Debug|Any CPU
		{63B567A5-B36F-43A8-B65F-31D8CF60678C}.Debug|Any CPU.Build.0 = Debug|Any CPU
		{63B567A5-B36F-43A8-B65F-31D8CF60678C}.Release|Any CPU.ActiveCfg = Release|Any CPU
		{63B567A5-B36F-43A8-B65F-31D8CF60678C}.Release|Any CPU.Build.0 = Release|Any CPU
		{4089CAF2-D409-41A8-80E9-A86FC4FB9F16}.Debug|Any CPU.ActiveCfg = Debug|Any CPU
		{4089CAF2-D409-41A8-80E9-A86FC4FB9F16}.Debug|Any CPU.Build.0 = Debug|Any CPU
		{4089CAF2-D409-41A8-80E9-A86FC4FB9F16}.Release|Any CPU.ActiveCfg = Release|Any CPU
		{4089CAF2-D409-41A8-80E9-A86FC4FB9F16}.Release|Any CPU.Build.0 = Release|Any CPU
		{DFD092FB-DDA8-4A08-9867-20A34E01B722}.Debug|Any CPU.ActiveCfg = Debug|Any CPU
		{DFD092FB-DDA8-4A08-9867-20A34E01B722}.Debug|Any CPU.Build.0 = Debug|Any CPU
		{DFD092FB-DDA8-4A08-9867-20A34E01B722}.Release|Any CPU.ActiveCfg = Release|Any CPU
		{DFD092FB-DDA8-4A08-9867-20A34E01B722}.Release|Any CPU.Build.0 = Release|Any CPU
		{BB356509-4787-445C-B7B0-3E08A0DB9120}.Debug|Any CPU.ActiveCfg = Debug|Any CPU
		{BB356509-4787-445C-B7B0-3E08A0DB9120}.Debug|Any CPU.Build.0 = Debug|Any CPU
		{BB356509-4787-445C-B7B0-3E08A0DB9120}.Release|Any CPU.ActiveCfg = Release|Any CPU
		{BB356509-4787-445C-B7B0-3E08A0DB9120}.Release|Any CPU.Build.0 = Release|Any CPU
		{EE604CC3-1DC7-4DE4-BF34-DD489C2C9E8E}.Debug|Any CPU.ActiveCfg = Debug|Any CPU
		{EE604CC3-1DC7-4DE4-BF34-DD489C2C9E8E}.Debug|Any CPU.Build.0 = Debug|Any CPU
		{EE604CC3-1DC7-4DE4-BF34-DD489C2C9E8E}.Release|Any CPU.ActiveCfg = Release|Any CPU
		{EE604CC3-1DC7-4DE4-BF34-DD489C2C9E8E}.Release|Any CPU.Build.0 = Release|Any CPU
		{E295FB26-EB9A-4245-9CBE-47594F822A21}.Debug|Any CPU.ActiveCfg = Debug|Any CPU
		{E295FB26-EB9A-4245-9CBE-47594F822A21}.Debug|Any CPU.Build.0 = Debug|Any CPU
		{E295FB26-EB9A-4245-9CBE-47594F822A21}.Release|Any CPU.ActiveCfg = Release|Any CPU
		{E295FB26-EB9A-4245-9CBE-47594F822A21}.Release|Any CPU.Build.0 = Release|Any CPU
		{1930093B-4E9A-441B-B743-5D2D8DB7A0F8}.Debug|Any CPU.ActiveCfg = Debug|Any CPU
		{1930093B-4E9A-441B-B743-5D2D8DB7A0F8}.Debug|Any CPU.Build.0 = Debug|Any CPU
		{1930093B-4E9A-441B-B743-5D2D8DB7A0F8}.Release|Any CPU.ActiveCfg = Release|Any CPU
		{1930093B-4E9A-441B-B743-5D2D8DB7A0F8}.Release|Any CPU.Build.0 = Release|Any CPU
		{D7B92048-2163-4C10-AABC-F02B9BEE3913}.Debug|Any CPU.ActiveCfg = Debug|Any CPU
		{D7B92048-2163-4C10-AABC-F02B9BEE3913}.Debug|Any CPU.Build.0 = Debug|Any CPU
		{D7B92048-2163-4C10-AABC-F02B9BEE3913}.Release|Any CPU.ActiveCfg = Release|Any CPU
		{D7B92048-2163-4C10-AABC-F02B9BEE3913}.Release|Any CPU.Build.0 = Release|Any CPU
		{AF83F002-EAA8-4F63-913D-800A29CFB2FC}.Debug|Any CPU.ActiveCfg = Debug|Any CPU
		{AF83F002-EAA8-4F63-913D-800A29CFB2FC}.Debug|Any CPU.Build.0 = Debug|Any CPU
		{AF83F002-EAA8-4F63-913D-800A29CFB2FC}.Release|Any CPU.ActiveCfg = Release|Any CPU
		{AF83F002-EAA8-4F63-913D-800A29CFB2FC}.Release|Any CPU.Build.0 = Release|Any CPU
		{7F83BD9D-ED7A-4FAA-B4F6-49285CEEDA15}.Debug|Any CPU.ActiveCfg = Debug|Any CPU
		{7F83BD9D-ED7A-4FAA-B4F6-49285CEEDA15}.Debug|Any CPU.Build.0 = Debug|Any CPU
		{7F83BD9D-ED7A-4FAA-B4F6-49285CEEDA15}.Release|Any CPU.ActiveCfg = Release|Any CPU
		{7F83BD9D-ED7A-4FAA-B4F6-49285CEEDA15}.Release|Any CPU.Build.0 = Release|Any CPU
		{4FAB1AB3-8F60-4B4F-9F8A-2D4C35A573FB}.Debug|Any CPU.ActiveCfg = Debug|Any CPU
		{4FAB1AB3-8F60-4B4F-9F8A-2D4C35A573FB}.Debug|Any CPU.Build.0 = Debug|Any CPU
		{4FAB1AB3-8F60-4B4F-9F8A-2D4C35A573FB}.Release|Any CPU.ActiveCfg = Release|Any CPU
		{4FAB1AB3-8F60-4B4F-9F8A-2D4C35A573FB}.Release|Any CPU.Build.0 = Release|Any CPU
		{BC4442F2-05AD-4739-B1E3-1DE2C45D2DF2}.Debug|Any CPU.ActiveCfg = Debug|Any CPU
		{BC4442F2-05AD-4739-B1E3-1DE2C45D2DF2}.Debug|Any CPU.Build.0 = Debug|Any CPU
		{BC4442F2-05AD-4739-B1E3-1DE2C45D2DF2}.Release|Any CPU.ActiveCfg = Release|Any CPU
		{BC4442F2-05AD-4739-B1E3-1DE2C45D2DF2}.Release|Any CPU.Build.0 = Release|Any CPU
		{69093DB4-E9DF-41B9-92E7-EEA2C6CFFBCA}.Debug|Any CPU.ActiveCfg = Debug|Any CPU
		{69093DB4-E9DF-41B9-92E7-EEA2C6CFFBCA}.Debug|Any CPU.Build.0 = Debug|Any CPU
		{69093DB4-E9DF-41B9-92E7-EEA2C6CFFBCA}.Release|Any CPU.ActiveCfg = Release|Any CPU
		{69093DB4-E9DF-41B9-92E7-EEA2C6CFFBCA}.Release|Any CPU.Build.0 = Release|Any CPU
	EndGlobalSection
	GlobalSection(SolutionProperties) = preSolution
		HideSolutionNode = FALSE
	EndGlobalSection
	GlobalSection(NestedProjects) = preSolution
		{EE604CC3-1DC7-4DE4-BF34-DD489C2C9E8E} = {08BBC5A8-E21D-4EC8-9CB4-625E7D3B8D2F}
		{E295FB26-EB9A-4245-9CBE-47594F822A21} = {735A2B9D-3D21-4BE5-97C7-03F9D7590A20}
		{1930093B-4E9A-441B-B743-5D2D8DB7A0F8} = {735A2B9D-3D21-4BE5-97C7-03F9D7590A20}
		{D7B92048-2163-4C10-AABC-F02B9BEE3913} = {0F3F785D-AD5E-4879-8F38-FFFB9C2ECD2A}
		{AF83F002-EAA8-4F63-913D-800A29CFB2FC} = {0F3F785D-AD5E-4879-8F38-FFFB9C2ECD2A}
		{7F83BD9D-ED7A-4FAA-B4F6-49285CEEDA15} = {08BBC5A8-E21D-4EC8-9CB4-625E7D3B8D2F}
		{4FAB1AB3-8F60-4B4F-9F8A-2D4C35A573FB} = {08BBC5A8-E21D-4EC8-9CB4-625E7D3B8D2F}
		{BC4442F2-05AD-4739-B1E3-1DE2C45D2DF2} = {08BBC5A8-E21D-4EC8-9CB4-625E7D3B8D2F}
		{69093DB4-E9DF-41B9-92E7-EEA2C6CFFBCA} = {08BBC5A8-E21D-4EC8-9CB4-625E7D3B8D2F}
	EndGlobalSection
	GlobalSection(ExtensibilityGlobals) = postSolution
		SolutionGuid = {B4A111A7-3BBF-482D-BEA7-613918919431}
	EndGlobalSection
EndGlobal
