
Microsoft Visual Studio Solution File, Format Version 12.00
# Visual Studio Version 17
VisualStudioVersion = 17.4.33205.214
MinimumVisualStudioVersion = 10.0.40219.1
Project("{9A19103F-16F7-4668-BE54-9A1E7A4F7556}") = "AopLibraryTest", "AopLibraryTest\AopLibraryTest.csproj", "{7E29FB9A-FE6F-46BA-9F6F-3C726EE20734}"
EndProject
Project("{9A19103F-16F7-4668-BE54-9A1E7A4F7556}") = "AopLibrary", "AopLibrary\AopLibrary.csproj", "{63B567A5-B36F-43A8-B65F-31D8CF60678C}"
EndProject
Project("{9A19103F-16F7-4668-BE54-9A1E7A4F7556}") = "StartupDiagnostics", "StartupDiagnostics\StartupDiagnostics.csproj", "{4089CAF2-D409-41A8-80E9-A86FC4FB9F16}"
EndProject
Project("{9A19103F-16F7-4668-BE54-9A1E7A4F7556}") = "Contract", "Contract\Contract.csproj", "{DFD092FB-DDA8-4A08-9867-20A34E01B722}"
EndProject
Project("{9A19103F-16F7-4668-BE54-9A1E7A4F7556}") = "First.Impl", "Impl\First.Impl.csproj", "{480EFE9A-A7CE-43A0-A5EA-066FE0C4CBA5}"
EndProject
Project("{9A19103F-16F7-4668-BE54-9A1E7A4F7556}") = "Second.Impl", "ImplTwo\Second.Impl.csproj", "{97947AC2-D43A-4036-BA82-564B25674684}"
EndProject
Project("{2150E333-8FDC-42A3-9474-1A3956D46DE8}") = "Repository", "Repository", "{0F3F785D-AD5E-4879-8F38-FFFB9C2ECD2A}"
EndProject
Project("{9A19103F-16F7-4668-BE54-9A1E7A4F7556}") = "Order.Repository", "Order.Repository\Order.Repository.csproj", "{CEE251DC-BED8-4D5C-9D17-F30CC4C55B42}"
EndProject
Project("{9A19103F-16F7-4668-BE54-9A1E7A4F7556}") = "IOrder.Repository", "IOrder.Repository\IOrder.Repository.csproj", "{0BB4ED78-8B65-4FC9-8E7C-2D9761B79FD5}"
EndProject
Project("{9A19103F-16F7-4668-BE54-9A1E7A4F7556}") = "AutofacRegister", "AutofacRegister\AutofacRegister.csproj", "{BB356509-4787-445C-B7B0-3E08A0DB9120}"
EndProject
Project("{2150E333-8FDC-42A3-9474-1A3956D46DE8}") = "ForTest", "ForTest", "{08BBC5A8-E21D-4EC8-9CB4-625E7D3B8D2F}"
EndProject
Project("{FAE04EC0-301F-11D3-BF4B-00C04F79EFBC}") = "webapi", "webapi\webapi.csproj", "{F969E3D3-A92A-4FD2-B76B-BCBE132ABFFB}"
EndProject
Global
	GlobalSection(SolutionConfigurationPlatforms) = preSolution
		Debug|Any CPU = Debug|Any CPU
		Release|Any CPU = Release|Any CPU
	EndGlobalSection
	GlobalSection(ProjectConfigurationPlatforms) = postSolution
		{7E29FB9A-FE6F-46BA-9F6F-3C726EE20734}.Debug|Any CPU.ActiveCfg = Debug|Any CPU
		{7E29FB9A-FE6F-46BA-9F6F-3C726EE20734}.Debug|Any CPU.Build.0 = Debug|Any CPU
		{7E29FB9A-FE6F-46BA-9F6F-3C726EE20734}.Release|Any CPU.ActiveCfg = Release|Any CPU
		{7E29FB9A-FE6F-46BA-9F6F-3C726EE20734}.Release|Any CPU.Build.0 = Release|Any CPU
		{63B567A5-B36F-43A8-B65F-31D8CF60678C}.Debug|Any CPU.ActiveCfg = Debug|Any CPU
		{63B567A5-B36F-43A8-B65F-31D8CF60678C}.Debug|Any CPU.Build.0 = Debug|Any CPU
		{63B567A5-B36F-43A8-B65F-31D8CF60678C}.Release|Any CPU.ActiveCfg = Release|Any CPU
		{63B567A5-B36F-43A8-B65F-31D8CF60678C}.Release|Any CPU.Build.0 = Release|Any CPU
		{4089CAF2-D409-41A8-80E9-A86FC4FB9F16}.Debug|Any CPU.ActiveCfg = Debug|Any CPU
		{4089CAF2-D409-41A8-80E9-A86FC4FB9F16}.Debug|Any CPU.Build.0 = Debug|Any CPU
		{4089CAF2-D409-41A8-80E9-A86FC4FB9F16}.Release|Any CPU.ActiveCfg = Release|Any CPU
		{4089CAF2-D409-41A8-80E9-A86FC4FB9F16}.Release|Any CPU.Build.0 = Release|Any CPU
		{DFD092FB-DDA8-4A08-9867-20A34E01B722}.Debug|Any CPU.ActiveCfg = Debug|Any CPU
		{DFD092FB-DDA8-4A08-9867-20A34E01B722}.Debug|Any CPU.Build.0 = Debug|Any CPU
		{DFD092FB-DDA8-4A08-9867-20A34E01B722}.Release|Any CPU.ActiveCfg = Release|Any CPU
		{DFD092FB-DDA8-4A08-9867-20A34E01B722}.Release|Any CPU.Build.0 = Release|Any CPU
		{480EFE9A-A7CE-43A0-A5EA-066FE0C4CBA5}.Debug|Any CPU.ActiveCfg = Debug|Any CPU
		{480EFE9A-A7CE-43A0-A5EA-066FE0C4CBA5}.Debug|Any CPU.Build.0 = Debug|Any CPU
		{480EFE9A-A7CE-43A0-A5EA-066FE0C4CBA5}.Release|Any CPU.ActiveCfg = Release|Any CPU
		{480EFE9A-A7CE-43A0-A5EA-066FE0C4CBA5}.Release|Any CPU.Build.0 = Release|Any CPU
		{97947AC2-D43A-4036-BA82-564B25674684}.Debug|Any CPU.ActiveCfg = Debug|Any CPU
		{97947AC2-D43A-4036-BA82-564B25674684}.Debug|Any CPU.Build.0 = Debug|Any CPU
		{97947AC2-D43A-4036-BA82-564B25674684}.Release|Any CPU.ActiveCfg = Release|Any CPU
		{97947AC2-D43A-4036-BA82-564B25674684}.Release|Any CPU.Build.0 = Release|Any CPU
		{CEE251DC-BED8-4D5C-9D17-F30CC4C55B42}.Debug|Any CPU.ActiveCfg = Debug|Any CPU
		{CEE251DC-BED8-4D5C-9D17-F30CC4C55B42}.Debug|Any CPU.Build.0 = Debug|Any CPU
		{CEE251DC-BED8-4D5C-9D17-F30CC4C55B42}.Release|Any CPU.ActiveCfg = Release|Any CPU
		{CEE251DC-BED8-4D5C-9D17-F30CC4C55B42}.Release|Any CPU.Build.0 = Release|Any CPU
		{0BB4ED78-8B65-4FC9-8E7C-2D9761B79FD5}.Debug|Any CPU.ActiveCfg = Debug|Any CPU
		{0BB4ED78-8B65-4FC9-8E7C-2D9761B79FD5}.Debug|Any CPU.Build.0 = Debug|Any CPU
		{0BB4ED78-8B65-4FC9-8E7C-2D9761B79FD5}.Release|Any CPU.ActiveCfg = Release|Any CPU
		{0BB4ED78-8B65-4FC9-8E7C-2D9761B79FD5}.Release|Any CPU.Build.0 = Release|Any CPU
		{BB356509-4787-445C-B7B0-3E08A0DB9120}.Debug|Any CPU.ActiveCfg = Debug|Any CPU
		{BB356509-4787-445C-B7B0-3E08A0DB9120}.Debug|Any CPU.Build.0 = Debug|Any CPU
		{BB356509-4787-445C-B7B0-3E08A0DB9120}.Release|Any CPU.ActiveCfg = Release|Any CPU
		{BB356509-4787-445C-B7B0-3E08A0DB9120}.Release|Any CPU.Build.0 = Release|Any CPU
		{F969E3D3-A92A-4FD2-B76B-BCBE132ABFFB}.Debug|Any CPU.ActiveCfg = Debug|Any CPU
		{F969E3D3-A92A-4FD2-B76B-BCBE132ABFFB}.Debug|Any CPU.Build.0 = Debug|Any CPU
		{F969E3D3-A92A-4FD2-B76B-BCBE132ABFFB}.Release|Any CPU.ActiveCfg = Release|Any CPU
		{F969E3D3-A92A-4FD2-B76B-BCBE132ABFFB}.Release|Any CPU.Build.0 = Release|Any CPU
	EndGlobalSection
	GlobalSection(SolutionProperties) = preSolution
		HideSolutionNode = FALSE
	EndGlobalSection
	GlobalSection(NestedProjects) = preSolution
		{CEE251DC-BED8-4D5C-9D17-F30CC4C55B42} = {0F3F785D-AD5E-4879-8F38-FFFB9C2ECD2A}
		{0BB4ED78-8B65-4FC9-8E7C-2D9761B79FD5} = {0F3F785D-AD5E-4879-8F38-FFFB9C2ECD2A}
		{F969E3D3-A92A-4FD2-B76B-BCBE132ABFFB} = {08BBC5A8-E21D-4EC8-9CB4-625E7D3B8D2F}
	EndGlobalSection
	GlobalSection(ExtensibilityGlobals) = postSolution
		SolutionGuid = {B4A111A7-3BBF-482D-BEA7-613918919431}
	EndGlobalSection
EndGlobal
