
Microsoft Visual Studio Solution File, Format Version 12.00
# Visual Studio Version 17
VisualStudioVersion = 17.4.33205.214
MinimumVisualStudioVersion = 10.0.40219.1
Project("{9A19103F-16F7-4668-BE54-9A1E7A4F7556}") = "AopLibraryTest", "AopLibraryTest\AopLibraryTest.csproj", "{7E29FB9A-FE6F-46BA-9F6F-3C726EE20734}"
EndProject
Project("{FAE04EC0-301F-11D3-BF4B-00C04F79EFBC}") = "AopLibrary", "AopLibrary\AopLibrary.csproj", "{63B567A5-B36F-43A8-B65F-31D8CF60678C}"
EndProject
Global
	GlobalSection(SolutionConfigurationPlatforms) = preSolution
		Debug|Any CPU = Debug|Any CPU
		Release|Any CPU = Release|Any CPU
	EndGlobalSection
	GlobalSection(ProjectConfigurationPlatforms) = postSolution
		{7E29FB9A-FE6F-46BA-9F6F-3C726EE20734}.Debug|Any CPU.ActiveCfg = Debug|Any CPU
		{7E29FB9A-FE6F-46BA-9F6F-3C726EE20734}.Debug|Any CPU.Build.0 = Debug|Any CPU
		{7E29FB9A-FE6F-46BA-9F6F-3C726EE20734}.Release|Any CPU.ActiveCfg = Release|Any CPU
		{7E29FB9A-FE6F-46BA-9F6F-3C726EE20734}.Release|Any CPU.Build.0 = Release|Any CPU
		{63B567A5-B36F-43A8-B65F-31D8CF60678C}.Debug|Any CPU.ActiveCfg = Debug|Any CPU
		{63B567A5-B36F-43A8-B65F-31D8CF60678C}.Debug|Any CPU.Build.0 = Debug|Any CPU
		{63B567A5-B36F-43A8-B65F-31D8CF60678C}.Release|Any CPU.ActiveCfg = Release|Any CPU
		{63B567A5-B36F-43A8-B65F-31D8CF60678C}.Release|Any CPU.Build.0 = Release|Any CPU
	EndGlobalSection
	GlobalSection(SolutionProperties) = preSolution
		HideSolutionNode = FALSE
	EndGlobalSection
	GlobalSection(ExtensibilityGlobals) = postSolution
		SolutionGuid = {B4A111A7-3BBF-482D-BEA7-613918919431}
	EndGlobalSection
EndGlobal
